# This file is automatically @generated by Cargo.
# It is not intended for manual editing.
version = 4

[[package]]
name = "arb-config"
version = "0.1.0"

[[package]]
name = "arb-contracts"
version = "0.1.0"

[[package]]
name = "arb-domain"
version = "0.1.0"

[[package]]
name = "arb-eventstore"
version = "0.1.0"
dependencies = [
 "arb-contracts",
]

[[package]]
name = "arb-execution"
version = "0.1.0"
dependencies = [
 "arb-contracts",
]

[[package]]
name = "arb-ledger"
version = "0.1.0"
dependencies = [
 "arb-domain",
]

[[package]]
name = "arb-ops"
version = "0.1.0"
dependencies = [
 "arb-contracts",
 "arb-eventstore",
 "arb-reconciliation",
]

[[package]]
name = "arb-reconciliation"
version = "0.1.0"
dependencies = [
 "arb-domain",
 "arb-ledger",
]

[[package]]
name = "arb-replay"
version = "0.1.0"
dependencies = [
 "arb-config",
 "arb-contracts",
 "arb-eventstore",
]

[[package]]
name = "arb-risk"
version = "0.1.0"
dependencies = [
 "arb-config",
 "arb-contracts",
 "arb-domain",
]

[[package]]
name = "arb-runtime"
version = "0.1.0"
dependencies = [
 "arb-config",
 "arb-contracts",
 "arb-domain",
 "arb-eventstore",
 "arb-execution",
 "arb-ledger",
 "arb-ops",
 "arb-reconciliation",
 "arb-replay",
 "arb-risk",
 "arb-strategies",
 "arb-strategy-api",
 "arb-venue-data",
]

[[package]]
name = "arb-signing"
version = "0.1.0"
dependencies = [
 "arb-domain",
]

[[package]]
name = "arb-strategies"
version = "0.1.0"
dependencies = [
 "arb-strategy-api",
]

[[package]]
name = "arb-strategy-api"
version = "0.1.0"
dependencies = [
 "arb-config",
 "arb-contracts",
 "arb-domain",
]

[[package]]
name = "arb-venue-data"
version = "0.1.0"
dependencies = [
 "arb-contracts",
 "arb-domain",
]

[[package]]
name = "arb-venue-exec"
version = "0.1.0"
dependencies = [
 "arb-domain",
]

[[package]]
name = "xtask"
version = "0.1.0"
